// !$*UTF8*$!
{
	archiveVersion = 1;
	classes = {
	};
	objectVersion = 56;
	objects = {

/* Begin PBXBuildFile section */
		BB03E1D82BCF278500FC32FC /* TicTacToeNewApp.swift in Sources */ = {isa = PBXBuildFile; fileRef = BB03E1D72BCF278500FC32FC /* TicTacToeNewApp.swift */; };
		BB03E1DA2BCF278500FC32FC /* TicTacToeView.swift in Sources */ = {isa = PBXBuildFile; fileRef = BB03E1D92BCF278500FC32FC /* TicTacToeView.swift */; };
		BB03E1DC2BCF278700FC32FC /* Assets.xcassets in Resources */ = {isa = PBXBuildFile; fileRef = BB03E1DB2BCF278700FC32FC /* Assets.xcassets */; };
		BB03E1DF2BCF278700FC32FC /* Preview Assets.xcassets in Resources */ = {isa = PBXBuildFile; fileRef = BB03E1DE2BCF278700FC32FC /* Preview Assets.xcassets */; };
		BB03E1E62BCFFDD400FC32FC /* ViewModel.swift in Sources */ = {isa = PBXBuildFile; fileRef = BB03E1E52BCFFDD300FC32FC /* ViewModel.swift */; };
		BB14DC762C08FE5E0010B551 /* TicTacToeNewTests.swift in Sources */ = {isa = PBXBuildFile; fileRef = BB14DC752C08FE5E0010B551 /* TicTacToeNewTests.swift */; };
		BB14DC7E2C08FE7F0010B551 /* ViewModelTests.swift in Sources */ = {isa = PBXBuildFile; fileRef = BB14DC7D2C08FE7F0010B551 /* ViewModelTests.swift */; };
		BB17B9262BD45ED8003BE972 /* TextResult.swift in Sources */ = {isa = PBXBuildFile; fileRef = BB17B9252BD45ED8003BE972 /* TextResult.swift */; };
		BB24BC962BF0DF5F006C3998 /* WelcomeView.swift in Sources */ = {isa = PBXBuildFile; fileRef = BB24BC952BF0DF5F006C3998 /* WelcomeView.swift */; };
		BB24BC992BF0EE6B006C3998 /* RoundedButton.swift in Sources */ = {isa = PBXBuildFile; fileRef = BB24BC982BF0EE6B006C3998 /* RoundedButton.swift */; };
		BB24BC9B2BF3AE97006C3998 /* LaunchView.swift in Sources */ = {isa = PBXBuildFile; fileRef = BB24BC9A2BF3AE97006C3998 /* LaunchView.swift */; };
		BB6A20462C0A1F6C00D26EBC /* shorted.mp3 in Resources */ = {isa = PBXBuildFile; fileRef = BB6A20452C0A1F6C00D26EBC /* shorted.mp3 */; };
		BB6A20482C0A78B300D26EBC /* shorted2.mp3 in Resources */ = {isa = PBXBuildFile; fileRef = BB6A20472C0A78B300D26EBC /* shorted2.mp3 */; };
		BB6A204A2C0A797200D26EBC /* shorted3.mp3 in Resources */ = {isa = PBXBuildFile; fileRef = BB6A20492C0A797200D26EBC /* shorted3.mp3 */; };
		BB6A204E2C0A79F900D26EBC /* shorted4.mp3 in Resources */ = {isa = PBXBuildFile; fileRef = BB6A204D2C0A79F900D26EBC /* shorted4.mp3 */; };
		BB6A20522C0A7BC000D26EBC /* shorted7.mp3 in Resources */ = {isa = PBXBuildFile; fileRef = BB6A204F2C0A7BC000D26EBC /* shorted7.mp3 */; };
		BB6A20532C0A7BC000D26EBC /* shorted5.mp3 in Resources */ = {isa = PBXBuildFile; fileRef = BB6A20502C0A7BC000D26EBC /* shorted5.mp3 */; };
		BB6A20542C0A7BC000D26EBC /* shorted6.mp3 in Resources */ = {isa = PBXBuildFile; fileRef = BB6A20512C0A7BC000D26EBC /* shorted6.mp3 */; };
		BB6A20562C0A7C0B00D26EBC /* shorted8.mp3 in Resources */ = {isa = PBXBuildFile; fileRef = BB6A20552C0A7C0B00D26EBC /* shorted8.mp3 */; };
		BBEF7C662BFB8F5A002FA53F /* SoundManager.swift in Sources */ = {isa = PBXBuildFile; fileRef = BBEF7C652BFB8F5A002FA53F /* SoundManager.swift */; };
		BBEF7C682BFB901D002FA53F /* HapticManager.swift in Sources */ = {isa = PBXBuildFile; fileRef = BBEF7C672BFB901D002FA53F /* HapticManager.swift */; };
		BBFC3CEC2C0A824A0072CF0E /* winning.mp3 in Resources */ = {isa = PBXBuildFile; fileRef = BBFC3CEB2C0A824A0072CF0E /* winning.mp3 */; };
/* End PBXBuildFile section */

/* Begin PBXContainerItemProxy section */
		BB14DC772C08FE5E0010B551 /* PBXContainerItemProxy */ = {
			isa = PBXContainerItemProxy;
			containerPortal = BB03E1CC2BCF278500FC32FC /* Project object */;
			proxyType = 1;
			remoteGlobalIDString = BB03E1D32BCF278500FC32FC;
			remoteInfo = TicTacToeNew;
		};
/* End PBXContainerItemProxy section */

/* Begin PBXFileReference section */
		BB03E1D42BCF278500FC32FC /* TicTacToeNew.app */ = {isa = PBXFileReference; explicitFileType = wrapper.application; includeInIndex = 0; path = TicTacToeNew.app; sourceTree = BUILT_PRODUCTS_DIR; };
		BB03E1D72BCF278500FC32FC /* TicTacToeNewApp.swift */ = {isa = PBXFileReference; lastKnownFileType = sourcecode.swift; path = TicTacToeNewApp.swift; sourceTree = "<group>"; };
		BB03E1D92BCF278500FC32FC /* TicTacToeView.swift */ = {isa = PBXFileReference; lastKnownFileType = sourcecode.swift; path = TicTacToeView.swift; sourceTree = "<group>"; };
		BB03E1DB2BCF278700FC32FC /* Assets.xcassets */ = {isa = PBXFileReference; lastKnownFileType = folder.assetcatalog; path = Assets.xcassets; sourceTree = "<group>"; };
		BB03E1DE2BCF278700FC32FC /* Preview Assets.xcassets */ = {isa = PBXFileReference; lastKnownFileType = folder.assetcatalog; path = "Preview Assets.xcassets"; sourceTree = "<group>"; };
		BB03E1E52BCFFDD300FC32FC /* ViewModel.swift */ = {isa = PBXFileReference; lastKnownFileType = sourcecode.swift; path = ViewModel.swift; sourceTree = "<group>"; };
		BB14DC732C08FE5E0010B551 /* TicTacToeNewTests.xctest */ = {isa = PBXFileReference; explicitFileType = wrapper.cfbundle; includeInIndex = 0; path = TicTacToeNewTests.xctest; sourceTree = BUILT_PRODUCTS_DIR; };
		BB14DC752C08FE5E0010B551 /* TicTacToeNewTests.swift */ = {isa = PBXFileReference; lastKnownFileType = sourcecode.swift; path = TicTacToeNewTests.swift; sourceTree = "<group>"; };
		BB14DC7D2C08FE7F0010B551 /* ViewModelTests.swift */ = {isa = PBXFileReference; lastKnownFileType = sourcecode.swift; path = ViewModelTests.swift; sourceTree = "<group>"; };
		BB17B9252BD45ED8003BE972 /* TextResult.swift */ = {isa = PBXFileReference; lastKnownFileType = sourcecode.swift; path = TextResult.swift; sourceTree = "<group>"; };
		BB24BC952BF0DF5F006C3998 /* WelcomeView.swift */ = {isa = PBXFileReference; lastKnownFileType = sourcecode.swift; path = WelcomeView.swift; sourceTree = "<group>"; };
		BB24BC982BF0EE6B006C3998 /* RoundedButton.swift */ = {isa = PBXFileReference; lastKnownFileType = sourcecode.swift; path = RoundedButton.swift; sourceTree = "<group>"; };
		BB24BC9A2BF3AE97006C3998 /* LaunchView.swift */ = {isa = PBXFileReference; lastKnownFileType = sourcecode.swift; path = LaunchView.swift; sourceTree = "<group>"; };
		BB6A20452C0A1F6C00D26EBC /* shorted.mp3 */ = {isa = PBXFileReference; lastKnownFileType = audio.mp3; path = shorted.mp3; sourceTree = "<group>"; };
		BB6A20472C0A78B300D26EBC /* shorted2.mp3 */ = {isa = PBXFileReference; lastKnownFileType = audio.mp3; path = shorted2.mp3; sourceTree = "<group>"; };
		BB6A20492C0A797200D26EBC /* shorted3.mp3 */ = {isa = PBXFileReference; lastKnownFileType = audio.mp3; path = shorted3.mp3; sourceTree = "<group>"; };
		BB6A204D2C0A79F900D26EBC /* shorted4.mp3 */ = {isa = PBXFileReference; lastKnownFileType = audio.mp3; path = shorted4.mp3; sourceTree = "<group>"; };
		BB6A204F2C0A7BC000D26EBC /* shorted7.mp3 */ = {isa = PBXFileReference; lastKnownFileType = audio.mp3; path = shorted7.mp3; sourceTree = "<group>"; };
		BB6A20502C0A7BC000D26EBC /* shorted5.mp3 */ = {isa = PBXFileReference; lastKnownFileType = audio.mp3; path = shorted5.mp3; sourceTree = "<group>"; };
		BB6A20512C0A7BC000D26EBC /* shorted6.mp3 */ = {isa = PBXFileReference; lastKnownFileType = audio.mp3; path = shorted6.mp3; sourceTree = "<group>"; };
		BB6A20552C0A7C0B00D26EBC /* shorted8.mp3 */ = {isa = PBXFileReference; lastKnownFileType = audio.mp3; path = shorted8.mp3; sourceTree = "<group>"; };
		BBEF7C652BFB8F5A002FA53F /* SoundManager.swift */ = {isa = PBXFileReference; lastKnownFileType = sourcecode.swift; path = SoundManager.swift; sourceTree = "<group>"; };
		BBEF7C672BFB901D002FA53F /* HapticManager.swift */ = {isa = PBXFileReference; lastKnownFileType = sourcecode.swift; path = HapticManager.swift; sourceTree = "<group>"; };
		BBFC3CEB2C0A824A0072CF0E /* winning.mp3 */ = {isa = PBXFileReference; lastKnownFileType = audio.mp3; path = winning.mp3; sourceTree = "<group>"; };
/* End PBXFileReference section */

/* Begin PBXFrameworksBuildPhase section */
		BB03E1D12BCF278500FC32FC /* Frameworks */ = {
			isa = PBXFrameworksBuildPhase;
			buildActionMask = 2147483647;
			files = (
			);
			runOnlyForDeploymentPostprocessing = 0;
		};
		BB14DC702C08FE5E0010B551 /* Frameworks */ = {
			isa = PBXFrameworksBuildPhase;
			buildActionMask = 2147483647;
			files = (
			);
			runOnlyForDeploymentPostprocessing = 0;
		};
/* End PBXFrameworksBuildPhase section */

/* Begin PBXGroup section */
		BB03E1CB2BCF278500FC32FC = {
			isa = PBXGroup;
			children = (
				BB03E1D62BCF278500FC32FC /* TicTacToeNew */,
				BB14DC742C08FE5E0010B551 /* TicTacToeNewTests */,
				BB03E1D52BCF278500FC32FC /* Products */,
			);
			sourceTree = "<group>";
		};
		BB03E1D52BCF278500FC32FC /* Products */ = {
			isa = PBXGroup;
			children = (
				BB03E1D42BCF278500FC32FC /* TicTacToeNew.app */,
				BB14DC732C08FE5E0010B551 /* TicTacToeNewTests.xctest */,
			);
			name = Products;
			sourceTree = "<group>";
		};
		BB03E1D62BCF278500FC32FC /* TicTacToeNew */ = {
			isa = PBXGroup;
			children = (
				BB03E1D72BCF278500FC32FC /* TicTacToeNewApp.swift */,
				BBEF7C642BFB8F4E002FA53F /* Manager */,
				BB24BC932BF01F79006C3998 /* ViewModel */,
				BB24BC942BF01F95006C3998 /* View */,
				BB03E1DB2BCF278700FC32FC /* Assets.xcassets */,
				BB6A204C2C0A798300D26EBC /* Sounds */,
				BB03E1DD2BCF278700FC32FC /* Preview Content */,
			);
			path = TicTacToeNew;
			sourceTree = "<group>";
		};
		BB03E1DD2BCF278700FC32FC /* Preview Content */ = {
			isa = PBXGroup;
			children = (
				BB03E1DE2BCF278700FC32FC /* Preview Assets.xcassets */,
			);
			path = "Preview Content";
			sourceTree = "<group>";
		};
		BB14DC742C08FE5E0010B551 /* TicTacToeNewTests */ = {
			isa = PBXGroup;
			children = (
				BB14DC752C08FE5E0010B551 /* TicTacToeNewTests.swift */,
				BB14DC7D2C08FE7F0010B551 /* ViewModelTests.swift */,
			);
			path = TicTacToeNewTests;
			sourceTree = "<group>";
		};
		BB24BC932BF01F79006C3998 /* ViewModel */ = {
			isa = PBXGroup;
			children = (
				BB03E1E52BCFFDD300FC32FC /* ViewModel.swift */,
			);
			path = ViewModel;
			sourceTree = "<group>";
		};
		BB24BC942BF01F95006C3998 /* View */ = {
			isa = PBXGroup;
			children = (
				BB24BC952BF0DF5F006C3998 /* WelcomeView.swift */,
				BB03E1D92BCF278500FC32FC /* TicTacToeView.swift */,
				BB24BC972BF0EE5A006C3998 /* Other */,
			);
			path = View;
			sourceTree = "<group>";
		};
		BB24BC972BF0EE5A006C3998 /* Other */ = {
			isa = PBXGroup;
			children = (
				BB24BC982BF0EE6B006C3998 /* RoundedButton.swift */,
				BB17B9252BD45ED8003BE972 /* TextResult.swift */,
				BB24BC9A2BF3AE97006C3998 /* LaunchView.swift */,
			);
			path = Other;
			sourceTree = "<group>";
		};
		BB6A204C2C0A798300D26EBC /* Sounds */ = {
			isa = PBXGroup;
			children = (
				BB6A20452C0A1F6C00D26EBC /* shorted.mp3 */,
				BB6A20472C0A78B300D26EBC /* shorted2.mp3 */,
				BB6A20492C0A797200D26EBC /* shorted3.mp3 */,
				BB6A204D2C0A79F900D26EBC /* shorted4.mp3 */,
				BB6A20502C0A7BC000D26EBC /* shorted5.mp3 */,
				BB6A20512C0A7BC000D26EBC /* shorted6.mp3 */,
				BB6A204F2C0A7BC000D26EBC /* shorted7.mp3 */,
				BB6A20552C0A7C0B00D26EBC /* shorted8.mp3 */,
				BBFC3CEB2C0A824A0072CF0E /* winning.mp3 */,
			);
			path = Sounds;
			sourceTree = "<group>";
		};
		BBEF7C642BFB8F4E002FA53F /* Manager */ = {
			isa = PBXGroup;
			children = (
				BBEF7C652BFB8F5A002FA53F /* SoundManager.swift */,
				BBEF7C672BFB901D002FA53F /* HapticManager.swift */,
			);
			path = Manager;
			sourceTree = "<group>";
		};
/* End PBXGroup section */

/* Begin PBXNativeTarget section */
		BB03E1D32BCF278500FC32FC /* TicTacToeNew */ = {
			isa = PBXNativeTarget;
			buildConfigurationList = BB03E1E22BCF278700FC32FC /* Build configuration list for PBXNativeTarget "TicTacToeNew" */;
			buildPhases = (
				BB03E1D02BCF278500FC32FC /* Sources */,
				BB03E1D12BCF278500FC32FC /* Frameworks */,
				BB03E1D22BCF278500FC32FC /* Resources */,
			);
			buildRules = (
			);
			dependencies = (
			);
			name = TicTacToeNew;
			productName = TicTacToeNew;
			productReference = BB03E1D42BCF278500FC32FC /* TicTacToeNew.app */;
			productType = "com.apple.product-type.application";
		};
		BB14DC722C08FE5E0010B551 /* TicTacToeNewTests */ = {
			isa = PBXNativeTarget;
			buildConfigurationList = BB14DC7B2C08FE5E0010B551 /* Build configuration list for PBXNativeTarget "TicTacToeNewTests" */;
			buildPhases = (
				BB14DC6F2C08FE5E0010B551 /* Sources */,
				BB14DC702C08FE5E0010B551 /* Frameworks */,
				BB14DC712C08FE5E0010B551 /* Resources */,
			);
			buildRules = (
			);
			dependencies = (
				BB14DC782C08FE5E0010B551 /* PBXTargetDependency */,
			);
			name = TicTacToeNewTests;
			productName = TicTacToeNewTests;
			productReference = BB14DC732C08FE5E0010B551 /* TicTacToeNewTests.xctest */;
			productType = "com.apple.product-type.bundle.unit-test";
		};
/* End PBXNativeTarget section */

/* Begin PBXProject section */
		BB03E1CC2BCF278500FC32FC /* Project object */ = {
			isa = PBXProject;
			attributes = {
				BuildIndependentTargetsInParallel = 1;
				LastSwiftUpdateCheck = 1540;
				LastUpgradeCheck = 1530;
				TargetAttributes = {
					BB03E1D32BCF278500FC32FC = {
						CreatedOnToolsVersion = 15.3;
					};
					BB14DC722C08FE5E0010B551 = {
						CreatedOnToolsVersion = 15.4;
						TestTargetID = BB03E1D32BCF278500FC32FC;
					};
				};
			};
			buildConfigurationList = BB03E1CF2BCF278500FC32FC /* Build configuration list for PBXProject "TicTacToeNew" */;
			compatibilityVersion = "Xcode 14.0";
			developmentRegion = en;
			hasScannedForEncodings = 0;
			knownRegions = (
				en,
				Base,
			);
			mainGroup = BB03E1CB2BCF278500FC32FC;
			productRefGroup = BB03E1D52BCF278500FC32FC /* Products */;
			projectDirPath = "";
			projectRoot = "";
			targets = (
				BB03E1D32BCF278500FC32FC /* TicTacToeNew */,
				BB14DC722C08FE5E0010B551 /* TicTacToeNewTests */,
			);
		};
/* End PBXProject section */

/* Begin PBXResourcesBuildPhase section */
		BB03E1D22BCF278500FC32FC /* Resources */ = {
			isa = PBXResourcesBuildPhase;
			buildActionMask = 2147483647;
			files = (
				BB6A20532C0A7BC000D26EBC /* shorted5.mp3 in Resources */,
				BBFC3CEC2C0A824A0072CF0E /* winning.mp3 in Resources */,
				BB6A204A2C0A797200D26EBC /* shorted3.mp3 in Resources */,
				BB6A20542C0A7BC000D26EBC /* shorted6.mp3 in Resources */,
				BB6A20522C0A7BC000D26EBC /* shorted7.mp3 in Resources */,
				BB03E1DF2BCF278700FC32FC /* Preview Assets.xcassets in Resources */,
				BB6A20562C0A7C0B00D26EBC /* shorted8.mp3 in Resources */,
				BB6A20482C0A78B300D26EBC /* shorted2.mp3 in Resources */,
				BB6A20462C0A1F6C00D26EBC /* shorted.mp3 in Resources */,
				BB03E1DC2BCF278700FC32FC /* Assets.xcassets in Resources */,
				BB6A204E2C0A79F900D26EBC /* shorted4.mp3 in Resources */,
			);
			runOnlyForDeploymentPostprocessing = 0;
		};
		BB14DC712C08FE5E0010B551 /* Resources */ = {
			isa = PBXResourcesBuildPhase;
			buildActionMask = 2147483647;
			files = (
			);
			runOnlyForDeploymentPostprocessing = 0;
		};
/* End PBXResourcesBuildPhase section */

/* Begin PBXSourcesBuildPhase section */
		BB03E1D02BCF278500FC32FC /* Sources */ = {
			isa = PBXSourcesBuildPhase;
			buildActionMask = 2147483647;
			files = (
				BBEF7C682BFB901D002FA53F /* HapticManager.swift in Sources */,
				BB24BC962BF0DF5F006C3998 /* WelcomeView.swift in Sources */,
				BBEF7C662BFB8F5A002FA53F /* SoundManager.swift in Sources */,
				BB24BC992BF0EE6B006C3998 /* RoundedButton.swift in Sources */,
				BB03E1DA2BCF278500FC32FC /* TicTacToeView.swift in Sources */,
				BB24BC9B2BF3AE97006C3998 /* LaunchView.swift in Sources */,
				BB03E1E62BCFFDD400FC32FC /* ViewModel.swift in Sources */,
				BB03E1D82BCF278500FC32FC /* TicTacToeNewApp.swift in Sources */,
				BB17B9262BD45ED8003BE972 /* TextResult.swift in Sources */,
			);
			runOnlyForDeploymentPostprocessing = 0;
		};
		BB14DC6F2C08FE5E0010B551 /* Sources */ = {
			isa = PBXSourcesBuildPhase;
			buildActionMask = 2147483647;
			files = (
				BB14DC7E2C08FE7F0010B551 /* ViewModelTests.swift in Sources */,
				BB14DC762C08FE5E0010B551 /* TicTacToeNewTests.swift in Sources */,
			);
			runOnlyForDeploymentPostprocessing = 0;
		};
/* End PBXSourcesBuildPhase section */

/* Begin PBXTargetDependency section */
		BB14DC782C08FE5E0010B551 /* PBXTargetDependency */ = {
			isa = PBXTargetDependency;
			target = BB03E1D32BCF278500FC32FC /* TicTacToeNew */;
			targetProxy = BB14DC772C08FE5E0010B551 /* PBXContainerItemProxy */;
		};
/* End PBXTargetDependency section */

/* Begin XCBuildConfiguration section */
		BB03E1E02BCF278700FC32FC /* Debug */ = {
			isa = XCBuildConfiguration;
			buildSettings = {
				ALWAYS_SEARCH_USER_PATHS = NO;
				ASSETCATALOG_COMPILER_GENERATE_SWIFT_ASSET_SYMBOL_EXTENSIONS = YES;
				CLANG_ANALYZER_NONNULL = YES;
				CLANG_ANALYZER_NUMBER_OBJECT_CONVERSION = YES_AGGRESSIVE;
				CLANG_CXX_LANGUAGE_STANDARD = "gnu++20";
				CLANG_ENABLE_MODULES = YES;
				CLANG_ENABLE_OBJC_ARC = YES;
				CLANG_ENABLE_OBJC_WEAK = YES;
				CLANG_WARN_BLOCK_CAPTURE_AUTORELEASING = YES;
				CLANG_WARN_BOOL_CONVERSION = YES;
				CLANG_WARN_COMMA = YES;
				CLANG_WARN_CONSTANT_CONVERSION = YES;
				CLANG_WARN_DEPRECATED_OBJC_IMPLEMENTATIONS = YES;
				CLANG_WARN_DIRECT_OBJC_ISA_USAGE = YES_ERROR;
				CLANG_WARN_DOCUMENTATION_COMMENTS = YES;
				CLANG_WARN_EMPTY_BODY = YES;
				CLANG_WARN_ENUM_CONVERSION = YES;
				CLANG_WARN_INFINITE_RECURSION = YES;
				CLANG_WARN_INT_CONVERSION = YES;
				CLANG_WARN_NON_LITERAL_NULL_CONVERSION = YES;
				CLANG_WARN_OBJC_IMPLICIT_RETAIN_SELF = YES;
				CLANG_WARN_OBJC_LITERAL_CONVERSION = YES;
				CLANG_WARN_OBJC_ROOT_CLASS = YES_ERROR;
				CLANG_WARN_QUOTED_INCLUDE_IN_FRAMEWORK_HEADER = YES;
				CLANG_WARN_RANGE_LOOP_ANALYSIS = YES;
				CLANG_WARN_STRICT_PROTOTYPES = YES;
				CLANG_WARN_SUSPICIOUS_MOVE = YES;
				CLANG_WARN_UNGUARDED_AVAILABILITY = YES_AGGRESSIVE;
				CLANG_WARN_UNREACHABLE_CODE = YES;
				CLANG_WARN__DUPLICATE_METHOD_MATCH = YES;
				COPY_PHASE_STRIP = NO;
				DEBUG_INFORMATION_FORMAT = dwarf;
				ENABLE_STRICT_OBJC_MSGSEND = YES;
				ENABLE_TESTABILITY = YES;
				ENABLE_USER_SCRIPT_SANDBOXING = YES;
				GCC_C_LANGUAGE_STANDARD = gnu17;
				GCC_DYNAMIC_NO_PIC = NO;
				GCC_NO_COMMON_BLOCKS = YES;
				GCC_OPTIMIZATION_LEVEL = 0;
				GCC_PREPROCESSOR_DEFINITIONS = (
					"DEBUG=1",
					"$(inherited)",
				);
				GCC_WARN_64_TO_32_BIT_CONVERSION = YES;
				GCC_WARN_ABOUT_RETURN_TYPE = YES_ERROR;
				GCC_WARN_UNDECLARED_SELECTOR = YES;
				GCC_WARN_UNINITIALIZED_AUTOS = YES_AGGRESSIVE;
				GCC_WARN_UNUSED_FUNCTION = YES;
				GCC_WARN_UNUSED_VARIABLE = YES;
				IPHONEOS_DEPLOYMENT_TARGET = 16.0;
				LOCALIZATION_PREFERS_STRING_CATALOGS = YES;
				MTL_ENABLE_DEBUG_INFO = INCLUDE_SOURCE;
				MTL_FAST_MATH = YES;
				ONLY_ACTIVE_ARCH = YES;
				SDKROOT = iphoneos;
				SWIFT_ACTIVE_COMPILATION_CONDITIONS = "DEBUG $(inherited)";
				SWIFT_OPTIMIZATION_LEVEL = "-Onone";
			};
			name = Debug;
		};
		BB03E1E12BCF278700FC32FC /* Release */ = {
			isa = XCBuildConfiguration;
			buildSettings = {
				ALWAYS_SEARCH_USER_PATHS = NO;
				ASSETCATALOG_COMPILER_GENERATE_SWIFT_ASSET_SYMBOL_EXTENSIONS = YES;
				CLANG_ANALYZER_NONNULL = YES;
				CLANG_ANALYZER_NUMBER_OBJECT_CONVERSION = YES_AGGRESSIVE;
				CLANG_CXX_LANGUAGE_STANDARD = "gnu++20";
				CLANG_ENABLE_MODULES = YES;
				CLANG_ENABLE_OBJC_ARC = YES;
				CLANG_ENABLE_OBJC_WEAK = YES;
				CLANG_WARN_BLOCK_CAPTURE_AUTORELEASING = YES;
				CLANG_WARN_BOOL_CONVERSION = YES;
				CLANG_WARN_COMMA = YES;
				CLANG_WARN_CONSTANT_CONVERSION = YES;
				CLANG_WARN_DEPRECATED_OBJC_IMPLEMENTATIONS = YES;
				CLANG_WARN_DIRECT_OBJC_ISA_USAGE = YES_ERROR;
				CLANG_WARN_DOCUMENTATION_COMMENTS = YES;
				CLANG_WARN_EMPTY_BODY = YES;
				CLANG_WARN_ENUM_CONVERSION = YES;
				CLANG_WARN_INFINITE_RECURSION = YES;
				CLANG_WARN_INT_CONVERSION = YES;
				CLANG_WARN_NON_LITERAL_NULL_CONVERSION = YES;
				CLANG_WARN_OBJC_IMPLICIT_RETAIN_SELF = YES;
				CLANG_WARN_OBJC_LITERAL_CONVERSION = YES;
				CLANG_WARN_OBJC_ROOT_CLASS = YES_ERROR;
				CLANG_WARN_QUOTED_INCLUDE_IN_FRAMEWORK_HEADER = YES;
				CLANG_WARN_RANGE_LOOP_ANALYSIS = YES;
				CLANG_WARN_STRICT_PROTOTYPES = YES;
				CLANG_WARN_SUSPICIOUS_MOVE = YES;
				CLANG_WARN_UNGUARDED_AVAILABILITY = YES_AGGRESSIVE;
				CLANG_WARN_UNREACHABLE_CODE = YES;
				CLANG_WARN__DUPLICATE_METHOD_MATCH = YES;
				COPY_PHASE_STRIP = NO;
				DEBUG_INFORMATION_FORMAT = "dwarf-with-dsym";
				ENABLE_NS_ASSERTIONS = NO;
				ENABLE_STRICT_OBJC_MSGSEND = YES;
				ENABLE_USER_SCRIPT_SANDBOXING = YES;
				GCC_C_LANGUAGE_STANDARD = gnu17;
				GCC_NO_COMMON_BLOCKS = YES;
				GCC_WARN_64_TO_32_BIT_CONVERSION = YES;
				GCC_WARN_ABOUT_RETURN_TYPE = YES_ERROR;
				GCC_WARN_UNDECLARED_SELECTOR = YES;
				GCC_WARN_UNINITIALIZED_AUTOS = YES_AGGRESSIVE;
				GCC_WARN_UNUSED_FUNCTION = YES;
				GCC_WARN_UNUSED_VARIABLE = YES;
				IPHONEOS_DEPLOYMENT_TARGET = 16.0;
				LOCALIZATION_PREFERS_STRING_CATALOGS = YES;
				MTL_ENABLE_DEBUG_INFO = NO;
				MTL_FAST_MATH = YES;
				SDKROOT = iphoneos;
				SWIFT_COMPILATION_MODE = wholemodule;
				VALIDATE_PRODUCT = YES;
			};
			name = Release;
		};
		BB03E1E32BCF278700FC32FC /* Debug */ = {
			isa = XCBuildConfiguration;
			buildSettings = {
				ASSETCATALOG_COMPILER_APPICON_NAME = AppIcon;
				ASSETCATALOG_COMPILER_GLOBAL_ACCENT_COLOR_NAME = AccentColor;
				CODE_SIGN_STYLE = Automatic;
				CURRENT_PROJECT_VERSION = 1;
				DEVELOPMENT_ASSET_PATHS = "\"TicTacToeNew/Preview Content\"";
				DEVELOPMENT_TEAM = 27JCDAS664;
				ENABLE_PREVIEWS = YES;
				GENERATE_INFOPLIST_FILE = YES;
				INFOPLIST_KEY_CFBundleDisplayName = XOX;
				INFOPLIST_KEY_UIApplicationSceneManifest_Generation = YES;
				INFOPLIST_KEY_UIApplicationSupportsIndirectInputEvents = YES;
				INFOPLIST_KEY_UILaunchScreen_Generation = YES;
				INFOPLIST_KEY_UISupportedInterfaceOrientations = UIInterfaceOrientationPortrait;
				IPHONEOS_DEPLOYMENT_TARGET = 16.0;
				LD_RUNPATH_SEARCH_PATHS = (
					"$(inherited)",
					"@executable_path/Frameworks",
				);
				MARKETING_VERSION = 1.0;
				PRODUCT_BUNDLE_IDENTIFIER = com.AtakanBasaran.TicTacToeNew;
				PRODUCT_NAME = "$(TARGET_NAME)";
				SWIFT_EMIT_LOC_STRINGS = YES;
				SWIFT_VERSION = 5.0;
				TARGETED_DEVICE_FAMILY = "1,2";
			};
			name = Debug;
		};
		BB03E1E42BCF278700FC32FC /* Release */ = {
			isa = XCBuildConfiguration;
			buildSettings = {
				ASSETCATALOG_COMPILER_APPICON_NAME = AppIcon;
				ASSETCATALOG_COMPILER_GLOBAL_ACCENT_COLOR_NAME = AccentColor;
				CODE_SIGN_STYLE = Automatic;
				CURRENT_PROJECT_VERSION = 1;
				DEVELOPMENT_ASSET_PATHS = "\"TicTacToeNew/Preview Content\"";
				DEVELOPMENT_TEAM = 27JCDAS664;
				ENABLE_PREVIEWS = YES;
				GENERATE_INFOPLIST_FILE = YES;
				INFOPLIST_KEY_CFBundleDisplayName = XOX;
				INFOPLIST_KEY_UIApplicationSceneManifest_Generation = YES;
				INFOPLIST_KEY_UIApplicationSupportsIndirectInputEvents = YES;
				INFOPLIST_KEY_UILaunchScreen_Generation = YES;
				INFOPLIST_KEY_UISupportedInterfaceOrientations = UIInterfaceOrientationPortrait;
				IPHONEOS_DEPLOYMENT_TARGET = 16.0;
				LD_RUNPATH_SEARCH_PATHS = (
					"$(inherited)",
					"@executable_path/Frameworks",
				);
				MARKETING_VERSION = 1.0;
				PRODUCT_BUNDLE_IDENTIFIER = com.AtakanBasaran.TicTacToeNew;
				PRODUCT_NAME = "$(TARGET_NAME)";
				SWIFT_EMIT_LOC_STRINGS = YES;
				SWIFT_VERSION = 5.0;
				TARGETED_DEVICE_FAMILY = "1,2";
			};
			name = Release;
		};
		BB14DC792C08FE5E0010B551 /* Debug */ = {
			isa = XCBuildConfiguration;
			buildSettings = {
				BUNDLE_LOADER = "$(TEST_HOST)";
				CODE_SIGN_STYLE = Automatic;
				CURRENT_PROJECT_VERSION = 1;
				DEVELOPMENT_TEAM = 27JCDAS664;
				GENERATE_INFOPLIST_FILE = YES;
				IPHONEOS_DEPLOYMENT_TARGET = 17.5;
				MARKETING_VERSION = 1.0;
				PRODUCT_BUNDLE_IDENTIFIER = com.AtakanBasaran.TicTacToeNewTests;
				PRODUCT_NAME = "$(TARGET_NAME)";
				SWIFT_EMIT_LOC_STRINGS = NO;
				SWIFT_VERSION = 5.0;
				TARGETED_DEVICE_FAMILY = "1,2";
				TEST_HOST = "$(BUILT_PRODUCTS_DIR)/TicTacToeNew.app/$(BUNDLE_EXECUTABLE_FOLDER_PATH)/TicTacToeNew";
			};
			name = Debug;
		};
		BB14DC7A2C08FE5E0010B551 /* Release */ = {
			isa = XCBuildConfiguration;
			buildSettings = {
				BUNDLE_LOADER = "$(TEST_HOST)";
				CODE_SIGN_STYLE = Automatic;
				CURRENT_PROJECT_VERSION = 1;
				DEVELOPMENT_TEAM = 27JCDAS664;
				GENERATE_INFOPLIST_FILE = YES;
				IPHONEOS_DEPLOYMENT_TARGET = 17.5;
				MARKETING_VERSION = 1.0;
				PRODUCT_BUNDLE_IDENTIFIER = com.AtakanBasaran.TicTacToeNewTests;
				PRODUCT_NAME = "$(TARGET_NAME)";
				SWIFT_EMIT_LOC_STRINGS = NO;
				SWIFT_VERSION = 5.0;
				TARGETED_DEVICE_FAMILY = "1,2";
				TEST_HOST = "$(BUILT_PRODUCTS_DIR)/TicTacToeNew.app/$(BUNDLE_EXECUTABLE_FOLDER_PATH)/TicTacToeNew";
			};
			name = Release;
		};
/* End XCBuildConfiguration section */

/* Begin XCConfigurationList section */
		BB03E1CF2BCF278500FC32FC /* Build configuration list for PBXProject "TicTacToeNew" */ = {
			isa = XCConfigurationList;
			buildConfigurations = (
				BB03E1E02BCF278700FC32FC /* Debug */,
				BB03E1E12BCF278700FC32FC /* Release */,
			);
			defaultConfigurationIsVisible = 0;
			defaultConfigurationName = Release;
		};
		BB03E1E22BCF278700FC32FC /* Build configuration list for PBXNativeTarget "TicTacToeNew" */ = {
			isa = XCConfigurationList;
			buildConfigurations = (
				BB03E1E32BCF278700FC32FC /* Debug */,
				BB03E1E42BCF278700FC32FC /* Release */,
			);
			defaultConfigurationIsVisible = 0;
			defaultConfigurationName = Release;
		};
		BB14DC7B2C08FE5E0010B551 /* Build configuration list for PBXNativeTarget "TicTacToeNewTests" */ = {
			isa = XCConfigurationList;
			buildConfigurations = (
				BB14DC792C08FE5E0010B551 /* Debug */,
				BB14DC7A2C08FE5E0010B551 /* Release */,
			);
			defaultConfigurationIsVisible = 0;
			defaultConfigurationName = Release;
		};
/* End XCConfigurationList section */
	};
	rootObject = BB03E1CC2BCF278500FC32FC /* Project object */;
}
